// !$*UTF8*$!
{
	archiveVersion = 1;
	classes = {
	};
	objectVersion = 46;
	objects = {

/* Begin PBXBuildFile section */
		3D13102A1E49E81C00417F8F /* Colors.swift in Sources */ = {isa = PBXBuildFile; fileRef = 3D1310291E49E81C00417F8F /* Colors.swift */; };
		3D1310301E49EE6A00417F8F /* UIColorExtension.swift in Sources */ = {isa = PBXBuildFile; fileRef = 3D13102F1E49EE6A00417F8F /* UIColorExtension.swift */; };
		3D1310321E49EEB500417F8F /* Node.swift in Sources */ = {isa = PBXBuildFile; fileRef = 3D1310311E49EEB500417F8F /* Node.swift */; };
		3D1310481E4B5F4000417F8F /* RGBColor.swift in Sources */ = {isa = PBXBuildFile; fileRef = 3D1310471E4B5F4000417F8F /* RGBColor.swift */; };
		3D13104B1E4C9E5800417F8F /* NodeData.swift in Sources */ = {isa = PBXBuildFile; fileRef = 3D13104A1E4C9E5800417F8F /* NodeData.swift */; };
		3D13104D1E4C9E8000417F8F /* NodeView.swift in Sources */ = {isa = PBXBuildFile; fileRef = 3D13104C1E4C9E8000417F8F /* NodeView.swift */; };
		3D13104F1E4CAB0400417F8F /* NodeView.xib in Resources */ = {isa = PBXBuildFile; fileRef = 3D13104E1E4CAB0400417F8F /* NodeView.xib */; };
		3D1310521E4E201400417F8F /* Constants.swift in Sources */ = {isa = PBXBuildFile; fileRef = 3D1310511E4E201300417F8F /* Constants.swift */; };
		3D7B12BF1E486BC6008ACDEA /* AppDelegate.swift in Sources */ = {isa = PBXBuildFile; fileRef = 3D7B12BE1E486BC6008ACDEA /* AppDelegate.swift */; };
		3D7B12C11E486BC6008ACDEA /* ViewController.swift in Sources */ = {isa = PBXBuildFile; fileRef = 3D7B12C01E486BC6008ACDEA /* ViewController.swift */; };
		3D7B12C41E486BC6008ACDEA /* Main.storyboard in Resources */ = {isa = PBXBuildFile; fileRef = 3D7B12C21E486BC6008ACDEA /* Main.storyboard */; };
		3D7B12C61E486BC6008ACDEA /* Assets.xcassets in Resources */ = {isa = PBXBuildFile; fileRef = 3D7B12C51E486BC6008ACDEA /* Assets.xcassets */; };
		3D7B12C91E486BC6008ACDEA /* LaunchScreen.storyboard in Resources */ = {isa = PBXBuildFile; fileRef = 3D7B12C71E486BC6008ACDEA /* LaunchScreen.storyboard */; };
		3D7B12D41E486BC6008ACDEA /* InfographicTests.swift in Sources */ = {isa = PBXBuildFile; fileRef = 3D7B12D31E486BC6008ACDEA /* InfographicTests.swift */; };
		3D7B12DF1E486BC6008ACDEA /* InfographicUITests.swift in Sources */ = {isa = PBXBuildFile; fileRef = 3D7B12DE1E486BC6008ACDEA /* InfographicUITests.swift */; };
/* End PBXBuildFile section */

/* Begin PBXContainerItemProxy section */
		3D7B12D01E486BC6008ACDEA /* PBXContainerItemProxy */ = {
			isa = PBXContainerItemProxy;
			containerPortal = 3D7B12B31E486BC6008ACDEA /* Project object */;
			proxyType = 1;
			remoteGlobalIDString = 3D7B12BA1E486BC6008ACDEA;
			remoteInfo = Infographic;
		};
		3D7B12DB1E486BC6008ACDEA /* PBXContainerItemProxy */ = {
			isa = PBXContainerItemProxy;
			containerPortal = 3D7B12B31E486BC6008ACDEA /* Project object */;
			proxyType = 1;
			remoteGlobalIDString = 3D7B12BA1E486BC6008ACDEA;
			remoteInfo = Infographic;
		};
/* End PBXContainerItemProxy section */

/* Begin PBXFileReference section */
		3D1310291E49E81C00417F8F /* Colors.swift */ = {isa = PBXFileReference; fileEncoding = 4; lastKnownFileType = sourcecode.swift; path = Colors.swift; sourceTree = "<group>"; };
		3D13102F1E49EE6A00417F8F /* UIColorExtension.swift */ = {isa = PBXFileReference; fileEncoding = 4; lastKnownFileType = sourcecode.swift; path = UIColorExtension.swift; sourceTree = "<group>"; };
		3D1310311E49EEB500417F8F /* Node.swift */ = {isa = PBXFileReference; fileEncoding = 4; lastKnownFileType = sourcecode.swift; path = Node.swift; sourceTree = "<group>"; };
		3D1310471E4B5F4000417F8F /* RGBColor.swift */ = {isa = PBXFileReference; fileEncoding = 4; lastKnownFileType = sourcecode.swift; path = RGBColor.swift; sourceTree = "<group>"; };
		3D13104A1E4C9E5800417F8F /* NodeData.swift */ = {isa = PBXFileReference; fileEncoding = 4; lastKnownFileType = sourcecode.swift; path = NodeData.swift; sourceTree = "<group>"; };
		3D13104C1E4C9E8000417F8F /* NodeView.swift */ = {isa = PBXFileReference; fileEncoding = 4; lastKnownFileType = sourcecode.swift; path = NodeView.swift; sourceTree = "<group>"; };
		3D13104E1E4CAB0400417F8F /* NodeView.xib */ = {isa = PBXFileReference; fileEncoding = 4; lastKnownFileType = file.xib; path = NodeView.xib; sourceTree = "<group>"; };
		3D1310511E4E201300417F8F /* Constants.swift */ = {isa = PBXFileReference; fileEncoding = 4; lastKnownFileType = sourcecode.swift; path = Constants.swift; sourceTree = "<group>"; };
		3D7B12BB1E486BC6008ACDEA /* Infographic.app */ = {isa = PBXFileReference; explicitFileType = wrapper.application; includeInIndex = 0; path = Infographic.app; sourceTree = BUILT_PRODUCTS_DIR; };
		3D7B12BE1E486BC6008ACDEA /* AppDelegate.swift */ = {isa = PBXFileReference; lastKnownFileType = sourcecode.swift; path = AppDelegate.swift; sourceTree = "<group>"; };
		3D7B12C01E486BC6008ACDEA /* ViewController.swift */ = {isa = PBXFileReference; lastKnownFileType = sourcecode.swift; path = ViewController.swift; sourceTree = "<group>"; };
		3D7B12C31E486BC6008ACDEA /* Base */ = {isa = PBXFileReference; lastKnownFileType = file.storyboard; name = Base; path = Base.lproj/Main.storyboard; sourceTree = "<group>"; };
		3D7B12C51E486BC6008ACDEA /* Assets.xcassets */ = {isa = PBXFileReference; lastKnownFileType = folder.assetcatalog; path = Assets.xcassets; sourceTree = "<group>"; };
		3D7B12C81E486BC6008ACDEA /* Base */ = {isa = PBXFileReference; lastKnownFileType = file.storyboard; name = Base; path = Base.lproj/LaunchScreen.storyboard; sourceTree = "<group>"; };
		3D7B12CA1E486BC6008ACDEA /* Info.plist */ = {isa = PBXFileReference; lastKnownFileType = text.plist.xml; path = Info.plist; sourceTree = "<group>"; };
		3D7B12CF1E486BC6008ACDEA /* InfographicTests.xctest */ = {isa = PBXFileReference; explicitFileType = wrapper.cfbundle; includeInIndex = 0; path = InfographicTests.xctest; sourceTree = BUILT_PRODUCTS_DIR; };
		3D7B12D31E486BC6008ACDEA /* InfographicTests.swift */ = {isa = PBXFileReference; lastKnownFileType = sourcecode.swift; path = InfographicTests.swift; sourceTree = "<group>"; };
		3D7B12D51E486BC6008ACDEA /* Info.plist */ = {isa = PBXFileReference; lastKnownFileType = text.plist.xml; path = Info.plist; sourceTree = "<group>"; };
		3D7B12DA1E486BC6008ACDEA /* InfographicUITests.xctest */ = {isa = PBXFileReference; explicitFileType = wrapper.cfbundle; includeInIndex = 0; path = InfographicUITests.xctest; sourceTree = BUILT_PRODUCTS_DIR; };
		3D7B12DE1E486BC6008ACDEA /* InfographicUITests.swift */ = {isa = PBXFileReference; lastKnownFileType = sourcecode.swift; path = InfographicUITests.swift; sourceTree = "<group>"; };
		3D7B12E01E486BC6008ACDEA /* Info.plist */ = {isa = PBXFileReference; lastKnownFileType = text.plist.xml; path = Info.plist; sourceTree = "<group>"; };
/* End PBXFileReference section */

/* Begin PBXFrameworksBuildPhase section */
		3D7B12B81E486BC6008ACDEA /* Frameworks */ = {
			isa = PBXFrameworksBuildPhase;
			buildActionMask = 2147483647;
			files = (
			);
			runOnlyForDeploymentPostprocessing = 0;
		};
		3D7B12CC1E486BC6008ACDEA /* Frameworks */ = {
			isa = PBXFrameworksBuildPhase;
			buildActionMask = 2147483647;
			files = (
			);
			runOnlyForDeploymentPostprocessing = 0;
		};
		3D7B12D71E486BC6008ACDEA /* Frameworks */ = {
			isa = PBXFrameworksBuildPhase;
			buildActionMask = 2147483647;
			files = (
			);
			runOnlyForDeploymentPostprocessing = 0;
		};
/* End PBXFrameworksBuildPhase section */

/* Begin PBXGroup section */
		3D13102B1E49E82400417F8F /* Base */ = {
			isa = PBXGroup;
			children = (
				3D7B12BE1E486BC6008ACDEA /* AppDelegate.swift */,
				3D7B12C21E486BC6008ACDEA /* Main.storyboard */,
				3D7B12C51E486BC6008ACDEA /* Assets.xcassets */,
				3D7B12C71E486BC6008ACDEA /* LaunchScreen.storyboard */,
				3D7B12CA1E486BC6008ACDEA /* Info.plist */,
			);
			name = Base;
			sourceTree = "<group>";
		};
		3D13102E1E49EE5500417F8F /* Extensions */ = {
			isa = PBXGroup;
			children = (
				3D13102F1E49EE6A00417F8F /* UIColorExtension.swift */,
			);
			name = Extensions;
			sourceTree = "<group>";
		};
		3D1310461E4B5F0A00417F8F /* UI */ = {
			isa = PBXGroup;
			children = (
				3D1310471E4B5F4000417F8F /* RGBColor.swift */,
			);
			name = UI;
			sourceTree = "<group>";
		};
		3D1310491E4C9D1B00417F8F /* Node */ = {
			isa = PBXGroup;
			children = (
				3D1310311E49EEB500417F8F /* Node.swift */,
				3D13104A1E4C9E5800417F8F /* NodeData.swift */,
				3D13104C1E4C9E8000417F8F /* NodeView.swift */,
				3D13104E1E4CAB0400417F8F /* NodeView.xib */,
			);
			name = Node;
			sourceTree = "<group>";
		};
		3D1310501E4E1FFA00417F8F /* Constants */ = {
			isa = PBXGroup;
			children = (
				3D1310511E4E201300417F8F /* Constants.swift */,
				3D1310291E49E81C00417F8F /* Colors.swift */,
			);
			name = Constants;
			sourceTree = "<group>";
		};
		3D1310531E4E215300417F8F /* Controllers */ = {
			isa = PBXGroup;
			children = (
				3D7B12C01E486BC6008ACDEA /* ViewController.swift */,
			);
			name = Controllers;
			sourceTree = "<group>";
		};
		3D7B12B21E486BC5008ACDEA = {
			isa = PBXGroup;
			children = (
				3D7B12BD1E486BC6008ACDEA /* Infographic */,
				3D7B12D21E486BC6008ACDEA /* InfographicTests */,
				3D7B12DD1E486BC6008ACDEA /* InfographicUITests */,
				3D7B12BC1E486BC6008ACDEA /* Products */,
			);
			sourceTree = "<group>";
		};
		3D7B12BC1E486BC6008ACDEA /* Products */ = {
			isa = PBXGroup;
			children = (
				3D7B12BB1E486BC6008ACDEA /* Infographic.app */,
				3D7B12CF1E486BC6008ACDEA /* InfographicTests.xctest */,
				3D7B12DA1E486BC6008ACDEA /* InfographicUITests.xctest */,
			);
			name = Products;
			sourceTree = "<group>";
		};
		3D7B12BD1E486BC6008ACDEA /* Infographic */ = {
			isa = PBXGroup;
			children = (
				3D1310531E4E215300417F8F /* Controllers */,
				3D1310491E4C9D1B00417F8F /* Node */,
				3D1310461E4B5F0A00417F8F /* UI */,
				3D13102E1E49EE5500417F8F /* Extensions */,
				3D1310501E4E1FFA00417F8F /* Constants */,
				3D13102B1E49E82400417F8F /* Base */,
			);
			path = Infographic;
			sourceTree = "<group>";
		};
		3D7B12D21E486BC6008ACDEA /* InfographicTests */ = {
			isa = PBXGroup;
			children = (
				3D7B12D31E486BC6008ACDEA /* InfographicTests.swift */,
				3D7B12D51E486BC6008ACDEA /* Info.plist */,
			);
			path = InfographicTests;
			sourceTree = "<group>";
		};
		3D7B12DD1E486BC6008ACDEA /* InfographicUITests */ = {
			isa = PBXGroup;
			children = (
				3D7B12DE1E486BC6008ACDEA /* InfographicUITests.swift */,
				3D7B12E01E486BC6008ACDEA /* Info.plist */,
			);
			path = InfographicUITests;
			sourceTree = "<group>";
		};
/* End PBXGroup section */

/* Begin PBXNativeTarget section */
		3D7B12BA1E486BC6008ACDEA /* Infographic */ = {
			isa = PBXNativeTarget;
			buildConfigurationList = 3D7B12E31E486BC6008ACDEA /* Build configuration list for PBXNativeTarget "Infographic" */;
			buildPhases = (
				3D7B12B71E486BC6008ACDEA /* Sources */,
				3D7B12B81E486BC6008ACDEA /* Frameworks */,
				3D7B12B91E486BC6008ACDEA /* Resources */,
			);
			buildRules = (
			);
			dependencies = (
			);
			name = Infographic;
			productName = Infographic;
			productReference = 3D7B12BB1E486BC6008ACDEA /* Infographic.app */;
			productType = "com.apple.product-type.application";
		};
		3D7B12CE1E486BC6008ACDEA /* InfographicTests */ = {
			isa = PBXNativeTarget;
			buildConfigurationList = 3D7B12E61E486BC6008ACDEA /* Build configuration list for PBXNativeTarget "InfographicTests" */;
			buildPhases = (
				3D7B12CB1E486BC6008ACDEA /* Sources */,
				3D7B12CC1E486BC6008ACDEA /* Frameworks */,
				3D7B12CD1E486BC6008ACDEA /* Resources */,
			);
			buildRules = (
			);
			dependencies = (
				3D7B12D11E486BC6008ACDEA /* PBXTargetDependency */,
			);
			name = InfographicTests;
			productName = InfographicTests;
			productReference = 3D7B12CF1E486BC6008ACDEA /* InfographicTests.xctest */;
			productType = "com.apple.product-type.bundle.unit-test";
		};
		3D7B12D91E486BC6008ACDEA /* InfographicUITests */ = {
			isa = PBXNativeTarget;
			buildConfigurationList = 3D7B12E91E486BC6008ACDEA /* Build configuration list for PBXNativeTarget "InfographicUITests" */;
			buildPhases = (
				3D7B12D61E486BC6008ACDEA /* Sources */,
				3D7B12D71E486BC6008ACDEA /* Frameworks */,
				3D7B12D81E486BC6008ACDEA /* Resources */,
			);
			buildRules = (
			);
			dependencies = (
				3D7B12DC1E486BC6008ACDEA /* PBXTargetDependency */,
			);
			name = InfographicUITests;
			productName = InfographicUITests;
			productReference = 3D7B12DA1E486BC6008ACDEA /* InfographicUITests.xctest */;
			productType = "com.apple.product-type.bundle.ui-testing";
		};
/* End PBXNativeTarget section */

/* Begin PBXProject section */
		3D7B12B31E486BC6008ACDEA /* Project object */ = {
			isa = PBXProject;
			attributes = {
				LastSwiftUpdateCheck = 0820;
				LastUpgradeCheck = 0820;
				ORGANIZATIONNAME = "Taguhi Abgaryan";
				TargetAttributes = {
					3D7B12BA1E486BC6008ACDEA = {
						CreatedOnToolsVersion = 8.2.1;
						DevelopmentTeam = URT24V64BJ;
						ProvisioningStyle = Automatic;
					};
					3D7B12CE1E486BC6008ACDEA = {
						CreatedOnToolsVersion = 8.2.1;
						DevelopmentTeam = URT24V64BJ;
						ProvisioningStyle = Automatic;
						TestTargetID = 3D7B12BA1E486BC6008ACDEA;
					};
					3D7B12D91E486BC6008ACDEA = {
						CreatedOnToolsVersion = 8.2.1;
						DevelopmentTeam = URT24V64BJ;
						ProvisioningStyle = Automatic;
						TestTargetID = 3D7B12BA1E486BC6008ACDEA;
					};
				};
			};
			buildConfigurationList = 3D7B12B61E486BC6008ACDEA /* Build configuration list for PBXProject "Infographic" */;
			compatibilityVersion = "Xcode 3.2";
			developmentRegion = English;
			hasScannedForEncodings = 0;
			knownRegions = (
				en,
				Base,
			);
			mainGroup = 3D7B12B21E486BC5008ACDEA;
			productRefGroup = 3D7B12BC1E486BC6008ACDEA /* Products */;
			projectDirPath = "";
			projectRoot = "";
			targets = (
				3D7B12BA1E486BC6008ACDEA /* Infographic */,
				3D7B12CE1E486BC6008ACDEA /* InfographicTests */,
				3D7B12D91E486BC6008ACDEA /* InfographicUITests */,
			);
		};
/* End PBXProject section */

/* Begin PBXResourcesBuildPhase section */
		3D7B12B91E486BC6008ACDEA /* Resources */ = {
			isa = PBXResourcesBuildPhase;
			buildActionMask = 2147483647;
			files = (
				3D13104F1E4CAB0400417F8F /* NodeView.xib in Resources */,
				3D7B12C91E486BC6008ACDEA /* LaunchScreen.storyboard in Resources */,
				3D7B12C61E486BC6008ACDEA /* Assets.xcassets in Resources */,
				3D7B12C41E486BC6008ACDEA /* Main.storyboard in Resources */,
			);
			runOnlyForDeploymentPostprocessing = 0;
		};
		3D7B12CD1E486BC6008ACDEA /* Resources */ = {
			isa = PBXResourcesBuildPhase;
			buildActionMask = 2147483647;
			files = (
			);
			runOnlyForDeploymentPostprocessing = 0;
		};
		3D7B12D81E486BC6008ACDEA /* Resources */ = {
			isa = PBXResourcesBuildPhase;
			buildActionMask = 2147483647;
			files = (
			);
			runOnlyForDeploymentPostprocessing = 0;
		};
/* End PBXResourcesBuildPhase section */

/* Begin PBXSourcesBuildPhase section */
		3D7B12B71E486BC6008ACDEA /* Sources */ = {
			isa = PBXSourcesBuildPhase;
			buildActionMask = 2147483647;
			files = (
				3D7B12C11E486BC6008ACDEA /* ViewController.swift in Sources */,
				3D1310321E49EEB500417F8F /* Node.swift in Sources */,
				3D13104D1E4C9E8000417F8F /* NodeView.swift in Sources */,
				3D13102A1E49E81C00417F8F /* Colors.swift in Sources */,
				3D13104B1E4C9E5800417F8F /* NodeData.swift in Sources */,
				3D1310481E4B5F4000417F8F /* RGBColor.swift in Sources */,
				3D7B12BF1E486BC6008ACDEA /* AppDelegate.swift in Sources */,
				3D1310301E49EE6A00417F8F /* UIColorExtension.swift in Sources */,
				3D1310521E4E201400417F8F /* Constants.swift in Sources */,
			);
			runOnlyForDeploymentPostprocessing = 0;
		};
		3D7B12CB1E486BC6008ACDEA /* Sources */ = {
			isa = PBXSourcesBuildPhase;
			buildActionMask = 2147483647;
			files = (
				3D7B12D41E486BC6008ACDEA /* InfographicTests.swift in Sources */,
			);
			runOnlyForDeploymentPostprocessing = 0;
		};
		3D7B12D61E486BC6008ACDEA /* Sources */ = {
			isa = PBXSourcesBuildPhase;
			buildActionMask = 2147483647;
			files = (
				3D7B12DF1E486BC6008ACDEA /* InfographicUITests.swift in Sources */,
			);
			runOnlyForDeploymentPostprocessing = 0;
		};
/* End PBXSourcesBuildPhase section */

/* Begin PBXTargetDependency section */
		3D7B12D11E486BC6008ACDEA /* PBXTargetDependency */ = {
			isa = PBXTargetDependency;
			target = 3D7B12BA1E486BC6008ACDEA /* Infographic */;
			targetProxy = 3D7B12D01E486BC6008ACDEA /* PBXContainerItemProxy */;
		};
		3D7B12DC1E486BC6008ACDEA /* PBXTargetDependency */ = {
			isa = PBXTargetDependency;
			target = 3D7B12BA1E486BC6008ACDEA /* Infographic */;
			targetProxy = 3D7B12DB1E486BC6008ACDEA /* PBXContainerItemProxy */;
		};
/* End PBXTargetDependency section */

/* Begin PBXVariantGroup section */
		3D7B12C21E486BC6008ACDEA /* Main.storyboard */ = {
			isa = PBXVariantGroup;
			children = (
				3D7B12C31E486BC6008ACDEA /* Base */,
			);
			name = Main.storyboard;
			sourceTree = "<group>";
		};
		3D7B12C71E486BC6008ACDEA /* LaunchScreen.storyboard */ = {
			isa = PBXVariantGroup;
			children = (
				3D7B12C81E486BC6008ACDEA /* Base */,
			);
			name = LaunchScreen.storyboard;
			sourceTree = "<group>";
		};
/* End PBXVariantGroup section */

/* Begin XCBuildConfiguration section */
		3D7B12E11E486BC6008ACDEA /* Debug */ = {
			isa = XCBuildConfiguration;
			buildSettings = {
				ALWAYS_SEARCH_USER_PATHS = NO;
				CLANG_ANALYZER_NONNULL = YES;
				CLANG_CXX_LANGUAGE_STANDARD = "gnu++0x";
				CLANG_CXX_LIBRARY = "libc++";
				CLANG_ENABLE_MODULES = YES;
				CLANG_ENABLE_OBJC_ARC = YES;
				CLANG_WARN_BOOL_CONVERSION = YES;
				CLANG_WARN_CONSTANT_CONVERSION = YES;
				CLANG_WARN_DIRECT_OBJC_ISA_USAGE = YES_ERROR;
				CLANG_WARN_DOCUMENTATION_COMMENTS = YES;
				CLANG_WARN_EMPTY_BODY = YES;
				CLANG_WARN_ENUM_CONVERSION = YES;
				CLANG_WARN_INFINITE_RECURSION = YES;
				CLANG_WARN_INT_CONVERSION = YES;
				CLANG_WARN_OBJC_ROOT_CLASS = YES_ERROR;
				CLANG_WARN_SUSPICIOUS_MOVE = YES;
				CLANG_WARN_UNREACHABLE_CODE = YES;
				CLANG_WARN__DUPLICATE_METHOD_MATCH = YES;
				"CODE_SIGN_IDENTITY[sdk=iphoneos*]" = "iPhone Developer";
				COPY_PHASE_STRIP = NO;
				DEBUG_INFORMATION_FORMAT = dwarf;
				ENABLE_STRICT_OBJC_MSGSEND = YES;
				ENABLE_TESTABILITY = YES;
				GCC_C_LANGUAGE_STANDARD = gnu99;
				GCC_DYNAMIC_NO_PIC = NO;
				GCC_NO_COMMON_BLOCKS = YES;
				GCC_OPTIMIZATION_LEVEL = 0;
				GCC_PREPROCESSOR_DEFINITIONS = (
					"DEBUG=1",
					"$(inherited)",
				);
				GCC_WARN_64_TO_32_BIT_CONVERSION = YES;
				GCC_WARN_ABOUT_RETURN_TYPE = YES_ERROR;
				GCC_WARN_UNDECLARED_SELECTOR = YES;
				GCC_WARN_UNINITIALIZED_AUTOS = YES_AGGRESSIVE;
				GCC_WARN_UNUSED_FUNCTION = YES;
				GCC_WARN_UNUSED_VARIABLE = YES;
				IPHONEOS_DEPLOYMENT_TARGET = 10.2;
				MTL_ENABLE_DEBUG_INFO = YES;
				ONLY_ACTIVE_ARCH = YES;
				SDKROOT = iphoneos;
				SWIFT_ACTIVE_COMPILATION_CONDITIONS = DEBUG;
				SWIFT_OPTIMIZATION_LEVEL = "-Onone";
				TARGETED_DEVICE_FAMILY = "1,2";
			};
			name = Debug;
		};
		3D7B12E21E486BC6008ACDEA /* Release */ = {
			isa = XCBuildConfiguration;
			buildSettings = {
				ALWAYS_SEARCH_USER_PATHS = NO;
				CLANG_ANALYZER_NONNULL = YES;
				CLANG_CXX_LANGUAGE_STANDARD = "gnu++0x";
				CLANG_CXX_LIBRARY = "libc++";
				CLANG_ENABLE_MODULES = YES;
				CLANG_ENABLE_OBJC_ARC = YES;
				CLANG_WARN_BOOL_CONVERSION = YES;
				CLANG_WARN_CONSTANT_CONVERSION = YES;
				CLANG_WARN_DIRECT_OBJC_ISA_USAGE = YES_ERROR;
				CLANG_WARN_DOCUMENTATION_COMMENTS = YES;
				CLANG_WARN_EMPTY_BODY = YES;
				CLANG_WARN_ENUM_CONVERSION = YES;
				CLANG_WARN_INFINITE_RECURSION = YES;
				CLANG_WARN_INT_CONVERSION = YES;
				CLANG_WARN_OBJC_ROOT_CLASS = YES_ERROR;
				CLANG_WARN_SUSPICIOUS_MOVE = YES;
				CLANG_WARN_UNREACHABLE_CODE = YES;
				CLANG_WARN__DUPLICATE_METHOD_MATCH = YES;
				"CODE_SIGN_IDENTITY[sdk=iphoneos*]" = "iPhone Developer";
				COPY_PHASE_STRIP = NO;
				DEBUG_INFORMATION_FORMAT = "dwarf-with-dsym";
				ENABLE_NS_ASSERTIONS = NO;
				ENABLE_STRICT_OBJC_MSGSEND = YES;
				GCC_C_LANGUAGE_STANDARD = gnu99;
				GCC_NO_COMMON_BLOCKS = YES;
				GCC_WARN_64_TO_32_BIT_CONVERSION = YES;
				GCC_WARN_ABOUT_RETURN_TYPE = YES_ERROR;
				GCC_WARN_UNDECLARED_SELECTOR = YES;
				GCC_WARN_UNINITIALIZED_AUTOS = YES_AGGRESSIVE;
				GCC_WARN_UNUSED_FUNCTION = YES;
				GCC_WARN_UNUSED_VARIABLE = YES;
				IPHONEOS_DEPLOYMENT_TARGET = 10.2;
				MTL_ENABLE_DEBUG_INFO = NO;
				SDKROOT = iphoneos;
				SWIFT_OPTIMIZATION_LEVEL = "-Owholemodule";
				TARGETED_DEVICE_FAMILY = "1,2";
				VALIDATE_PRODUCT = YES;
			};
			name = Release;
		};
		3D7B12E41E486BC6008ACDEA /* Debug */ = {
			isa = XCBuildConfiguration;
			buildSettings = {
				ASSETCATALOG_COMPILER_APPICON_NAME = AppIcon;
				DEVELOPMENT_TEAM = URT24V64BJ;
				INFOPLIST_FILE = Infographic/Info.plist;
				LD_RUNPATH_SEARCH_PATHS = "$(inherited) @executable_path/Frameworks";
				PRODUCT_BUNDLE_IDENTIFIER = taguhiabgar.Infographic;
				PRODUCT_NAME = "$(TARGET_NAME)";
				SWIFT_VERSION = 3.0;
			};
			name = Debug;
		};
		3D7B12E51E486BC6008ACDEA /* Release */ = {
			isa = XCBuildConfiguration;
			buildSettings = {
				ASSETCATALOG_COMPILER_APPICON_NAME = AppIcon;
				DEVELOPMENT_TEAM = URT24V64BJ;
				INFOPLIST_FILE = Infographic/Info.plist;
				LD_RUNPATH_SEARCH_PATHS = "$(inherited) @executable_path/Frameworks";
				PRODUCT_BUNDLE_IDENTIFIER = taguhiabgar.Infographic;
				PRODUCT_NAME = "$(TARGET_NAME)";
				SWIFT_VERSION = 3.0;
			};
			name = Release;
		};
		3D7B12E71E486BC6008ACDEA /* Debug */ = {
			isa = XCBuildConfiguration;
			buildSettings = {
				ALWAYS_EMBED_SWIFT_STANDARD_LIBRARIES = YES;
				BUNDLE_LOADER = "$(TEST_HOST)";
				DEVELOPMENT_TEAM = URT24V64BJ;
				INFOPLIST_FILE = InfographicTests/Info.plist;
				LD_RUNPATH_SEARCH_PATHS = "$(inherited) @executable_path/Frameworks @loader_path/Frameworks";
				PRODUCT_BUNDLE_IDENTIFIER = taguhiabgar.InfographicTests;
				PRODUCT_NAME = "$(TARGET_NAME)";
				SWIFT_VERSION = 3.0;
				TEST_HOST = "$(BUILT_PRODUCTS_DIR)/Infographic.app/Infographic";
			};
			name = Debug;
		};
		3D7B12E81E486BC6008ACDEA /* Release */ = {
			isa = XCBuildConfiguration;
			buildSettings = {
				ALWAYS_EMBED_SWIFT_STANDARD_LIBRARIES = YES;
				BUNDLE_LOADER = "$(TEST_HOST)";
				DEVELOPMENT_TEAM = URT24V64BJ;
				INFOPLIST_FILE = InfographicTests/Info.plist;
				LD_RUNPATH_SEARCH_PATHS = "$(inherited) @executable_path/Frameworks @loader_path/Frameworks";
				PRODUCT_BUNDLE_IDENTIFIER = taguhiabgar.InfographicTests;
				PRODUCT_NAME = "$(TARGET_NAME)";
				SWIFT_VERSION = 3.0;
				TEST_HOST = "$(BUILT_PRODUCTS_DIR)/Infographic.app/Infographic";
			};
			name = Release;
		};
		3D7B12EA1E486BC6008ACDEA /* Debug */ = {
			isa = XCBuildConfiguration;
			buildSettings = {
				ALWAYS_EMBED_SWIFT_STANDARD_LIBRARIES = YES;
				DEVELOPMENT_TEAM = URT24V64BJ;
				INFOPLIST_FILE = InfographicUITests/Info.plist;
				LD_RUNPATH_SEARCH_PATHS = "$(inherited) @executable_path/Frameworks @loader_path/Frameworks";
				PRODUCT_BUNDLE_IDENTIFIER = taguhiabgar.InfographicUITests;
				PRODUCT_NAME = "$(TARGET_NAME)";
				SWIFT_VERSION = 3.0;
				TEST_TARGET_NAME = Infographic;
			};
			name = Debug;
		};
		3D7B12EB1E486BC6008ACDEA /* Release */ = {
			isa = XCBuildConfiguration;
			buildSettings = {
				ALWAYS_EMBED_SWIFT_STANDARD_LIBRARIES = YES;
				DEVELOPMENT_TEAM = URT24V64BJ;
				INFOPLIST_FILE = InfographicUITests/Info.plist;
				LD_RUNPATH_SEARCH_PATHS = "$(inherited) @executable_path/Frameworks @loader_path/Frameworks";
				PRODUCT_BUNDLE_IDENTIFIER = taguhiabgar.InfographicUITests;
				PRODUCT_NAME = "$(TARGET_NAME)";
				SWIFT_VERSION = 3.0;
				TEST_TARGET_NAME = Infographic;
			};
			name = Release;
		};
/* End XCBuildConfiguration section */

/* Begin XCConfigurationList section */
		3D7B12B61E486BC6008ACDEA /* Build configuration list for PBXProject "Infographic" */ = {
			isa = XCConfigurationList;
			buildConfigurations = (
				3D7B12E11E486BC6008ACDEA /* Debug */,
				3D7B12E21E486BC6008ACDEA /* Release */,
			);
			defaultConfigurationIsVisible = 0;
			defaultConfigurationName = Release;
		};
		3D7B12E31E486BC6008ACDEA /* Build configuration list for PBXNativeTarget "Infographic" */ = {
			isa = XCConfigurationList;
			buildConfigurations = (
				3D7B12E41E486BC6008ACDEA /* Debug */,
				3D7B12E51E486BC6008ACDEA /* Release */,
			);
			defaultConfigurationIsVisible = 0;
			defaultConfigurationName = Release;
		};
		3D7B12E61E486BC6008ACDEA /* Build configuration list for PBXNativeTarget "InfographicTests" */ = {
			isa = XCConfigurationList;
			buildConfigurations = (
				3D7B12E71E486BC6008ACDEA /* Debug */,
				3D7B12E81E486BC6008ACDEA /* Release */,
			);
			defaultConfigurationIsVisible = 0;
			defaultConfigurationName = Release;
		};
		3D7B12E91E486BC6008ACDEA /* Build configuration list for PBXNativeTarget "InfographicUITests" */ = {
			isa = XCConfigurationList;
			buildConfigurations = (
				3D7B12EA1E486BC6008ACDEA /* Debug */,
				3D7B12EB1E486BC6008ACDEA /* Release */,
			);
			defaultConfigurationIsVisible = 0;
			defaultConfigurationName = Release;
		};
/* End XCConfigurationList section */
	};
	rootObject = 3D7B12B31E486BC6008ACDEA /* Project object */;
}
